
Microsoft Visual Studio Solution File, Format Version 12.00
# Visual Studio 15
Project("{FAE04EC0-301F-11D3-BF4B-00C04F79EFBC}") = "NavMeshComponents", "NavMeshComponents.csproj", "{BACD5D44-DE81-A342-B6C8-B1E06E16B2F9}"
EndProject
Project("{FAE04EC0-301F-11D3-BF4B-00C04F79EFBC}") = "Assembly-CSharp", "Assembly-CSharp.csproj", "{18A227F1-5C0F-ACA8-E1B1-82377BC58276}"
EndProject
Project("{FAE04EC0-301F-11D3-BF4B-00C04F79EFBC}") = "NavMeshComponentsEditor", "NavMeshComponentsEditor.csproj", "{38FF15B3-C542-9FD5-43C6-2793607750AA}"
EndProject
Global
	GlobalSection(SolutionConfigurationPlatforms) = preSolution
		Debug|Any CPU = Debug|Any CPU
		Release|Any CPU = Release|Any CPU
	EndGlobalSection
	GlobalSection(ProjectConfigurationPlatforms) = postSolution
		{BACD5D44-DE81-A342-B6C8-B1E06E16B2F9}.Debug|Any CPU.ActiveCfg = Debug|Any CPU
		{BACD5D44-DE81-A342-B6C8-B1E06E16B2F9}.Debug|Any CPU.Build.0 = Debug|Any CPU
		{BACD5D44-DE81-A342-B6C8-B1E06E16B2F9}.Release|Any CPU.ActiveCfg = Release|Any CPU
		{BACD5D44-DE81-A342-B6C8-B1E06E16B2F9}.Release|Any CPU.Build.0 = Release|Any CPU
		{18A227F1-5C0F-ACA8-E1B1-82377BC58276}.Debug|Any CPU.ActiveCfg = Debug|Any CPU
		{18A227F1-5C0F-ACA8-E1B1-82377BC58276}.Debug|Any CPU.Build.0 = Debug|Any CPU
		{18A227F1-5C0F-ACA8-E1B1-82377BC58276}.Release|Any CPU.ActiveCfg = Release|Any CPU
		{18A227F1-5C0F-ACA8-E1B1-82377BC58276}.Release|Any CPU.Build.0 = Release|Any CPU
		{38FF15B3-C542-9FD5-43C6-2793607750AA}.Debug|Any CPU.ActiveCfg = Debug|Any CPU
		{38FF15B3-C542-9FD5-43C6-2793607750AA}.Debug|Any CPU.Build.0 = Debug|Any CPU
		{38FF15B3-C542-9FD5-43C6-2793607750AA}.Release|Any CPU.ActiveCfg = Release|Any CPU
		{38FF15B3-C542-9FD5-43C6-2793607750AA}.Release|Any CPU.Build.0 = Release|Any CPU
	EndGlobalSection
	GlobalSection(SolutionProperties) = preSolution
		HideSolutionNode = FALSE
	EndGlobalSection
EndGlobal
